
Microsoft Visual Studio Solution File, Format Version 12.00
# Visual Studio Version 17
VisualStudioVersion = 17.0.32112.339
MinimumVisualStudioVersion = 10.0.40219.1
Project("{FAE04EC0-301F-11D3-BF4B-00C04F79EFBC}") = "UbuntuServerManager", "UbuntuServerManager\UbuntuServerManager.csproj", "{AA6711DD-9AF5-4CBA-A7A1-8F89D83FA47F}"
EndProject
Global
	GlobalSection(SolutionConfigurationPlatforms) = preSolution
		Debug|Any CPU = Debug|Any CPU
		Release|Any CPU = Release|Any CPU
	EndGlobalSection
	GlobalSection(ProjectConfigurationPlatforms) = postSolution
		{AA6711DD-9AF5-4CBA-A7A1-8F89D83FA47F}.Debug|Any CPU.ActiveCfg = Debug|Any CPU
		{AA6711DD-9AF5-4CBA-A7A1-8F89D83FA47F}.Debug|Any CPU.Build.0 = Debug|Any CPU
		{AA6711DD-9AF5-4CBA-A7A1-8F89D83FA47F}.Release|Any CPU.ActiveCfg = Release|Any CPU
		{AA6711DD-9AF5-4CBA-A7A1-8F89D83FA47F}.Release|Any CPU.Build.0 = Release|Any CPU
	EndGlobalSection
	GlobalSection(SolutionProperties) = preSolution
		HideSolutionNode = FALSE
	EndGlobalSection
	GlobalSection(ExtensibilityGlobals) = postSolution
		SolutionGuid = {AF04516A-E579-49E8-B72C-4326629F1C87}
	EndGlobalSection
EndGlobal
